
Microsoft Visual Studio Solution File, Format Version 12.00
# Visual Studio Version 16
VisualStudioVersion = 16.0.32413.511
MinimumVisualStudioVersion = 10.0.40219.1
Project("{FAE04EC0-301F-11D3-BF4B-00C04F79EFBC}") = "demoproject", "demoproject\demoproject.csproj", "{BB25006A-44C7-4140-BB9C-79745E55057E}"
EndProject
Global
	GlobalSection(SolutionConfigurationPlatforms) = preSolution
		Debug|Any CPU = Debug|Any CPU
		Release|Any CPU = Release|Any CPU
	EndGlobalSection
	GlobalSection(ProjectConfigurationPlatforms) = postSolution
		{BB25006A-44C7-4140-BB9C-79745E55057E}.Debug|Any CPU.ActiveCfg = Debug|Any CPU
		{BB25006A-44C7-4140-BB9C-79745E55057E}.Debug|Any CPU.Build.0 = Debug|Any CPU
		{BB25006A-44C7-4140-BB9C-79745E55057E}.Release|Any CPU.ActiveCfg = Release|Any CPU
		{BB25006A-44C7-4140-BB9C-79745E55057E}.Release|Any CPU.Build.0 = Release|Any CPU
	EndGlobalSection
	GlobalSection(SolutionProperties) = preSolution
		HideSolutionNode = FALSE
	EndGlobalSection
	GlobalSection(ExtensibilityGlobals) = postSolution
		SolutionGuid = {6103F60E-F616-4D72-AFAB-C60714C99AD1}
	EndGlobalSection
EndGlobal
